
Microsoft Visual Studio Solution File, Format Version 12.00
# Visual Studio Version 17
VisualStudioVersion = 17.7.34031.279
MinimumVisualStudioVersion = 10.0.40219.1
Project("{FAE04EC0-301F-11D3-BF4B-00C04F79EFBC}") = "hw3", "hw3\hw3.csproj", "{30D21B84-9624-4CBD-B3C0-8A34194C0224}"
EndProject
Global
	GlobalSection(SolutionConfigurationPlatforms) = preSolution
		Debug|Any CPU = Debug|Any CPU
		Release|Any CPU = Release|Any CPU
	EndGlobalSection
	GlobalSection(ProjectConfigurationPlatforms) = postSolution
		{30D21B84-9624-4CBD-B3C0-8A34194C0224}.Debug|Any CPU.ActiveCfg = Debug|Any CPU
		{30D21B84-9624-4CBD-B3C0-8A34194C0224}.Debug|Any CPU.Build.0 = Debug|Any CPU
		{30D21B84-9624-4CBD-B3C0-8A34194C0224}.Release|Any CPU.ActiveCfg = Release|Any CPU
		{30D21B84-9624-4CBD-B3C0-8A34194C0224}.Release|Any CPU.Build.0 = Release|Any CPU
	EndGlobalSection
	GlobalSection(SolutionProperties) = preSolution
		HideSolutionNode = FALSE
	EndGlobalSection
	GlobalSection(ExtensibilityGlobals) = postSolution
		SolutionGuid = {061E8AA9-70DC-4661-B638-6788080F580E}
	EndGlobalSection
EndGlobal
